// !$*UTF8*$!
{
	archiveVersion = 1;
	classes = {
	};
	objectVersion = 56;
	objects = {

/* Begin PBXBuildFile section */
		830B64A22936027100CB9B1E /* RecommendationSeriesViewModel.swift in Sources */ = {isa = PBXBuildFile; fileRef = 830B64A12936027100CB9B1E /* RecommendationSeriesViewModel.swift */; };
		830B64A42936027E00CB9B1E /* SimilarSeriesViewModel.swift in Sources */ = {isa = PBXBuildFile; fileRef = 830B64A32936027E00CB9B1E /* SimilarSeriesViewModel.swift */; };
		830B64A62936028C00CB9B1E /* RecommendationMoviesViewModel.swift in Sources */ = {isa = PBXBuildFile; fileRef = 830B64A52936028C00CB9B1E /* RecommendationMoviesViewModel.swift */; };
		830B64A82936029600CB9B1E /* SimilarMoviesViewModel.swift in Sources */ = {isa = PBXBuildFile; fileRef = 830B64A72936029600CB9B1E /* SimilarMoviesViewModel.swift */; };
		830B64AA293604CA00CB9B1E /* SimilarSeriesRoute.swift in Sources */ = {isa = PBXBuildFile; fileRef = 830B64A9293604CA00CB9B1E /* SimilarSeriesRoute.swift */; };
		830B64AC293604D700CB9B1E /* RecommendedSeriesRoute.swift in Sources */ = {isa = PBXBuildFile; fileRef = 830B64AB293604D700CB9B1E /* RecommendedSeriesRoute.swift */; };
		830B64AE293604DF00CB9B1E /* SimilarMoviesRoute.swift in Sources */ = {isa = PBXBuildFile; fileRef = 830B64AD293604DF00CB9B1E /* SimilarMoviesRoute.swift */; };
		830B64B0293604E800CB9B1E /* RecommendedMoviesRoute.swift in Sources */ = {isa = PBXBuildFile; fileRef = 830B64AF293604E800CB9B1E /* RecommendedMoviesRoute.swift */; };
		830B64B229360BC700CB9B1E /* Cast.swift in Sources */ = {isa = PBXBuildFile; fileRef = 830B64B129360BC700CB9B1E /* Cast.swift */; };
		830B64B429360C1200CB9B1E /* Crew.swift in Sources */ = {isa = PBXBuildFile; fileRef = 830B64B329360C1200CB9B1E /* Crew.swift */; };
		830B64B629360C8100CB9B1E /* Credits.swift in Sources */ = {isa = PBXBuildFile; fileRef = 830B64B529360C8100CB9B1E /* Credits.swift */; };
		830B64B829360CFC00CB9B1E /* MovieDetailViewModel.swift in Sources */ = {isa = PBXBuildFile; fileRef = 830B64B729360CFC00CB9B1E /* MovieDetailViewModel.swift */; };
		830B64BA29360D9200CB9B1E /* MovieDetailsRoute.swift in Sources */ = {isa = PBXBuildFile; fileRef = 830B64B929360D9200CB9B1E /* MovieDetailsRoute.swift */; };
		830B64BE293650AB00CB9B1E /* CrewView.swift in Sources */ = {isa = PBXBuildFile; fileRef = 830B64BD293650AB00CB9B1E /* CrewView.swift */; };
		830B64C0293651F400CB9B1E /* CrewOverView.swift in Sources */ = {isa = PBXBuildFile; fileRef = 830B64BF293651F400CB9B1E /* CrewOverView.swift */; };
		830B64C22936599B00CB9B1E /* CreditHelpers.swift in Sources */ = {isa = PBXBuildFile; fileRef = 830B64C12936599B00CB9B1E /* CreditHelpers.swift */; };
		830B64C429365CAD00CB9B1E /* CreditHelpersTests.swift in Sources */ = {isa = PBXBuildFile; fileRef = 830B64C329365CAD00CB9B1E /* CreditHelpersTests.swift */; };
		830B64C729365F3D00CB9B1E /* SDWebImageSwiftUI in Frameworks */ = {isa = PBXBuildFile; productRef = 830B64C629365F3D00CB9B1E /* SDWebImageSwiftUI */; };
		830B64C92936C25000CB9B1E /* BackdropView.swift in Sources */ = {isa = PBXBuildFile; fileRef = 830B64C82936C25000CB9B1E /* BackdropView.swift */; };
		830B64CB2936C6D600CB9B1E /* MovieDetailHeaderView.swift in Sources */ = {isa = PBXBuildFile; fileRef = 830B64CA2936C6D600CB9B1E /* MovieDetailHeaderView.swift */; };
		830B64CD2936C80E00CB9B1E /* TrailingButton.swift in Sources */ = {isa = PBXBuildFile; fileRef = 830B64CC2936C80E00CB9B1E /* TrailingButton.swift */; };
		830B64CF2936C92200CB9B1E /* Tagline.swift in Sources */ = {isa = PBXBuildFile; fileRef = 830B64CE2936C92200CB9B1E /* Tagline.swift */; };
		830B64D12936CA3E00CB9B1E /* CastRow.swift in Sources */ = {isa = PBXBuildFile; fileRef = 830B64D02936CA3E00CB9B1E /* CastRow.swift */; };
		830B64D32936CF7E00CB9B1E /* PersonCard.swift in Sources */ = {isa = PBXBuildFile; fileRef = 830B64D22936CF7E00CB9B1E /* PersonCard.swift */; };
		830B64D52936D64000CB9B1E /* MovieDetail.swift in Sources */ = {isa = PBXBuildFile; fileRef = 830B64D42936D64000CB9B1E /* MovieDetail.swift */; };
		830B64D72936D9D900CB9B1E /* HeaderViewModel.swift in Sources */ = {isa = PBXBuildFile; fileRef = 830B64D62936D9D900CB9B1E /* HeaderViewModel.swift */; };
		832057882930BBC3007192B0 /* OverseerrApp.swift in Sources */ = {isa = PBXBuildFile; fileRef = 832057872930BBC3007192B0 /* OverseerrApp.swift */; };
		8320578A2930BBC3007192B0 /* ContentView.swift in Sources */ = {isa = PBXBuildFile; fileRef = 832057892930BBC3007192B0 /* ContentView.swift */; };
		8320578C2930BBC4007192B0 /* Assets.xcassets in Resources */ = {isa = PBXBuildFile; fileRef = 8320578B2930BBC4007192B0 /* Assets.xcassets */; };
		8320578F2930BBC4007192B0 /* Preview Assets.xcassets in Resources */ = {isa = PBXBuildFile; fileRef = 8320578E2930BBC4007192B0 /* Preview Assets.xcassets */; };
		832057A32930BBC5007192B0 /* OverseerrUITests.swift in Sources */ = {isa = PBXBuildFile; fileRef = 832057A22930BBC5007192B0 /* OverseerrUITests.swift */; };
		832057A52930BBC5007192B0 /* OverseerrUITestsLaunchTests.swift in Sources */ = {isa = PBXBuildFile; fileRef = 832057A42930BBC5007192B0 /* OverseerrUITestsLaunchTests.swift */; };
		832057B22930C3D2007192B0 /* MediaCard.swift in Sources */ = {isa = PBXBuildFile; fileRef = 832057B12930C3D2007192B0 /* MediaCard.swift */; };
		832057B42930CC46007192B0 /* TMDBImage.swift in Sources */ = {isa = PBXBuildFile; fileRef = 832057B32930CC46007192B0 /* TMDBImage.swift */; };
		832057B62930CE72007192B0 /* TMDBImageTest.swift in Sources */ = {isa = PBXBuildFile; fileRef = 832057B52930CE72007192B0 /* TMDBImageTest.swift */; };
		832057B82930D982007192B0 /* HomeView.swift in Sources */ = {isa = PBXBuildFile; fileRef = 832057B72930D982007192B0 /* HomeView.swift */; };
		832057BC2930DB11007192B0 /* CategoryRow.swift in Sources */ = {isa = PBXBuildFile; fileRef = 832057BB2930DB11007192B0 /* CategoryRow.swift */; };
		832057BE2930DB98007192B0 /* Media.swift in Sources */ = {isa = PBXBuildFile; fileRef = 832057BD2930DB98007192B0 /* Media.swift */; };
		832057C02930E4F6007192B0 /* UpcomingMoviesViewModel.swift in Sources */ = {isa = PBXBuildFile; fileRef = 832057BF2930E4F6007192B0 /* UpcomingMoviesViewModel.swift */; };
		832057C62930E718007192B0 /* APIService.swift in Sources */ = {isa = PBXBuildFile; fileRef = 832057C52930E718007192B0 /* APIService.swift */; };
		832057CA2930E815007192B0 /* APIError.swift in Sources */ = {isa = PBXBuildFile; fileRef = 832057C92930E815007192B0 /* APIError.swift */; };
		832057CC2930E8E2007192B0 /* FetchState.swift in Sources */ = {isa = PBXBuildFile; fileRef = 832057CB2930E8E2007192B0 /* FetchState.swift */; };
		832057CE2930EBD3007192B0 /* UpcomingMoviesRoute.swift in Sources */ = {isa = PBXBuildFile; fileRef = 832057CD2930EBD3007192B0 /* UpcomingMoviesRoute.swift */; };
		832057D329311F0F007192B0 /* MediaViewModel.swift in Sources */ = {isa = PBXBuildFile; fileRef = 832057D229311F0F007192B0 /* MediaViewModel.swift */; };
		832057D529311F6B007192B0 /* DiscoverMoviesRoute.swift in Sources */ = {isa = PBXBuildFile; fileRef = 832057D429311F6B007192B0 /* DiscoverMoviesRoute.swift */; };
		832057D729311F9A007192B0 /* DiscoverSeriesRoute.swift in Sources */ = {isa = PBXBuildFile; fileRef = 832057D629311F9A007192B0 /* DiscoverSeriesRoute.swift */; };
		832057D929311FBF007192B0 /* UpcomingSeriesRoute.swift in Sources */ = {isa = PBXBuildFile; fileRef = 832057D829311FBF007192B0 /* UpcomingSeriesRoute.swift */; };
		832057DB2931209A007192B0 /* DiscoverMoviesViewModel.swift in Sources */ = {isa = PBXBuildFile; fileRef = 832057DA2931209A007192B0 /* DiscoverMoviesViewModel.swift */; };
		832057DD293120F8007192B0 /* UpcomingSeriesViewModel.swift in Sources */ = {isa = PBXBuildFile; fileRef = 832057DC293120F8007192B0 /* UpcomingSeriesViewModel.swift */; };
		832057DF29312101007192B0 /* DiscoverSeriesViewModel.swift in Sources */ = {isa = PBXBuildFile; fileRef = 832057DE29312101007192B0 /* DiscoverSeriesViewModel.swift */; };
		832057E32934BA4E007192B0 /* SDWebImageSwiftUI in Frameworks */ = {isa = PBXBuildFile; productRef = 832057E22934BA4E007192B0 /* SDWebImageSwiftUI */; };
		832057E72934C223007192B0 /* MediaCapsule.swift in Sources */ = {isa = PBXBuildFile; fileRef = 832057E62934C223007192B0 /* MediaCapsule.swift */; };
		832057E92934CD10007192B0 /* Badge.swift in Sources */ = {isa = PBXBuildFile; fileRef = 832057E82934CD10007192B0 /* Badge.swift */; };
		832057EC2934D096007192B0 /* Colors+Extension.swift in Sources */ = {isa = PBXBuildFile; fileRef = 832057EB2934D096007192B0 /* Colors+Extension.swift */; };
		832057EE2934E9AA007192B0 /* Theme.swift in Sources */ = {isa = PBXBuildFile; fileRef = 832057ED2934E9AA007192B0 /* Theme.swift */; };
		832057F02934EBDA007192B0 /* MediaDetailView.swift in Sources */ = {isa = PBXBuildFile; fileRef = 832057EF2934EBDA007192B0 /* MediaDetailView.swift */; };
		837087EA293A261D003AFA01 /* OverseerrSettings.plist in Resources */ = {isa = PBXBuildFile; fileRef = 837087E9293A261D003AFA01 /* OverseerrSettings.plist */; };
		837087EC293A26CD003AFA01 /* OverseerrSettings.swift in Sources */ = {isa = PBXBuildFile; fileRef = 837087EB293A26CD003AFA01 /* OverseerrSettings.swift */; };
		837BFFF3293A4C680047D36B /* PaginatedResponse.swift in Sources */ = {isa = PBXBuildFile; fileRef = 837BFFF2293A4C680047D36B /* PaginatedResponse.swift */; };
		837BFFF5293A51740047D36B /* TVResult.swift in Sources */ = {isa = PBXBuildFile; fileRef = 837BFFF4293A51740047D36B /* TVResult.swift */; };
		837BFFF7293A579A0047D36B /* MediaType.swift in Sources */ = {isa = PBXBuildFile; fileRef = 837BFFF6293A579A0047D36B /* MediaType.swift */; };
		837BFFF9293A57DF0047D36B /* MediaStatus.swift in Sources */ = {isa = PBXBuildFile; fileRef = 837BFFF8293A57DF0047D36B /* MediaStatus.swift */; };
		837BFFFB293A57E70047D36B /* MediaInfo.swift in Sources */ = {isa = PBXBuildFile; fileRef = 837BFFFA293A57E70047D36B /* MediaInfo.swift */; };
		83B74FE22938DD4300BBD57E /* SearchView.swift in Sources */ = {isa = PBXBuildFile; fileRef = 83B74FE12938DD4300BBD57E /* SearchView.swift */; };
		83B74FE42938DEE700BBD57E /* SearchViewModel.swift in Sources */ = {isa = PBXBuildFile; fileRef = 83B74FE32938DEE700BBD57E /* SearchViewModel.swift */; };
		83B74FE62938E06F00BBD57E /* SearchBar.swift in Sources */ = {isa = PBXBuildFile; fileRef = 83B74FE52938E06F00BBD57E /* SearchBar.swift */; };
		83B74FE82938E1C600BBD57E /* SearchListView.swift in Sources */ = {isa = PBXBuildFile; fileRef = 83B74FE72938E1C600BBD57E /* SearchListView.swift */; };
		83B74FEA2938E89E00BBD57E /* SearchRoute.swift in Sources */ = {isa = PBXBuildFile; fileRef = 83B74FE92938E89E00BBD57E /* SearchRoute.swift */; };
		83B74FEC2938EA8E00BBD57E /* SearchMedia.swift in Sources */ = {isa = PBXBuildFile; fileRef = 83B74FEB2938EA8E00BBD57E /* SearchMedia.swift */; };
		83B74FEE2938EBA700BBD57E /* PersonResult.swift in Sources */ = {isa = PBXBuildFile; fileRef = 83B74FED2938EBA700BBD57E /* PersonResult.swift */; };
		83B74FF02938ED6E00BBD57E /* MovieResult.swift in Sources */ = {isa = PBXBuildFile; fileRef = 83B74FEF2938ED6E00BBD57E /* MovieResult.swift */; };
/* End PBXBuildFile section */

/* Begin PBXContainerItemProxy section */
		832057952930BBC5007192B0 /* PBXContainerItemProxy */ = {
			isa = PBXContainerItemProxy;
			containerPortal = 8320577C2930BBC3007192B0 /* Project object */;
			proxyType = 1;
			remoteGlobalIDString = 832057832930BBC3007192B0;
			remoteInfo = Overseerr;
		};
		8320579F2930BBC5007192B0 /* PBXContainerItemProxy */ = {
			isa = PBXContainerItemProxy;
			containerPortal = 8320577C2930BBC3007192B0 /* Project object */;
			proxyType = 1;
			remoteGlobalIDString = 832057832930BBC3007192B0;
			remoteInfo = Overseerr;
		};
/* End PBXContainerItemProxy section */

/* Begin PBXFileReference section */
		830B64A12936027100CB9B1E /* RecommendationSeriesViewModel.swift */ = {isa = PBXFileReference; lastKnownFileType = sourcecode.swift; path = RecommendationSeriesViewModel.swift; sourceTree = "<group>"; };
		830B64A32936027E00CB9B1E /* SimilarSeriesViewModel.swift */ = {isa = PBXFileReference; lastKnownFileType = sourcecode.swift; path = SimilarSeriesViewModel.swift; sourceTree = "<group>"; };
		830B64A52936028C00CB9B1E /* RecommendationMoviesViewModel.swift */ = {isa = PBXFileReference; lastKnownFileType = sourcecode.swift; path = RecommendationMoviesViewModel.swift; sourceTree = "<group>"; };
		830B64A72936029600CB9B1E /* SimilarMoviesViewModel.swift */ = {isa = PBXFileReference; lastKnownFileType = sourcecode.swift; path = SimilarMoviesViewModel.swift; sourceTree = "<group>"; };
		830B64A9293604CA00CB9B1E /* SimilarSeriesRoute.swift */ = {isa = PBXFileReference; lastKnownFileType = sourcecode.swift; path = SimilarSeriesRoute.swift; sourceTree = "<group>"; };
		830B64AB293604D700CB9B1E /* RecommendedSeriesRoute.swift */ = {isa = PBXFileReference; lastKnownFileType = sourcecode.swift; path = RecommendedSeriesRoute.swift; sourceTree = "<group>"; };
		830B64AD293604DF00CB9B1E /* SimilarMoviesRoute.swift */ = {isa = PBXFileReference; lastKnownFileType = sourcecode.swift; path = SimilarMoviesRoute.swift; sourceTree = "<group>"; };
		830B64AF293604E800CB9B1E /* RecommendedMoviesRoute.swift */ = {isa = PBXFileReference; lastKnownFileType = sourcecode.swift; path = RecommendedMoviesRoute.swift; sourceTree = "<group>"; };
		830B64B129360BC700CB9B1E /* Cast.swift */ = {isa = PBXFileReference; lastKnownFileType = sourcecode.swift; path = Cast.swift; sourceTree = "<group>"; };
		830B64B329360C1200CB9B1E /* Crew.swift */ = {isa = PBXFileReference; lastKnownFileType = sourcecode.swift; path = Crew.swift; sourceTree = "<group>"; };
		830B64B529360C8100CB9B1E /* Credits.swift */ = {isa = PBXFileReference; lastKnownFileType = sourcecode.swift; path = Credits.swift; sourceTree = "<group>"; };
		830B64B729360CFC00CB9B1E /* MovieDetailViewModel.swift */ = {isa = PBXFileReference; lastKnownFileType = sourcecode.swift; path = MovieDetailViewModel.swift; sourceTree = "<group>"; };
		830B64B929360D9200CB9B1E /* MovieDetailsRoute.swift */ = {isa = PBXFileReference; lastKnownFileType = sourcecode.swift; path = MovieDetailsRoute.swift; sourceTree = "<group>"; };
		830B64BD293650AB00CB9B1E /* CrewView.swift */ = {isa = PBXFileReference; lastKnownFileType = sourcecode.swift; path = CrewView.swift; sourceTree = "<group>"; };
		830B64BF293651F400CB9B1E /* CrewOverView.swift */ = {isa = PBXFileReference; lastKnownFileType = sourcecode.swift; path = CrewOverView.swift; sourceTree = "<group>"; };
		830B64C12936599B00CB9B1E /* CreditHelpers.swift */ = {isa = PBXFileReference; lastKnownFileType = sourcecode.swift; path = CreditHelpers.swift; sourceTree = "<group>"; };
		830B64C329365CAD00CB9B1E /* CreditHelpersTests.swift */ = {isa = PBXFileReference; lastKnownFileType = sourcecode.swift; path = CreditHelpersTests.swift; sourceTree = "<group>"; };
		830B64C82936C25000CB9B1E /* BackdropView.swift */ = {isa = PBXFileReference; lastKnownFileType = sourcecode.swift; path = BackdropView.swift; sourceTree = "<group>"; };
		830B64CA2936C6D600CB9B1E /* MovieDetailHeaderView.swift */ = {isa = PBXFileReference; lastKnownFileType = sourcecode.swift; path = MovieDetailHeaderView.swift; sourceTree = "<group>"; };
		830B64CC2936C80E00CB9B1E /* TrailingButton.swift */ = {isa = PBXFileReference; lastKnownFileType = sourcecode.swift; path = TrailingButton.swift; sourceTree = "<group>"; };
		830B64CE2936C92200CB9B1E /* Tagline.swift */ = {isa = PBXFileReference; lastKnownFileType = sourcecode.swift; path = Tagline.swift; sourceTree = "<group>"; };
		830B64D02936CA3E00CB9B1E /* CastRow.swift */ = {isa = PBXFileReference; lastKnownFileType = sourcecode.swift; path = CastRow.swift; sourceTree = "<group>"; };
		830B64D22936CF7E00CB9B1E /* PersonCard.swift */ = {isa = PBXFileReference; lastKnownFileType = sourcecode.swift; path = PersonCard.swift; sourceTree = "<group>"; };
		830B64D42936D64000CB9B1E /* MovieDetail.swift */ = {isa = PBXFileReference; lastKnownFileType = sourcecode.swift; path = MovieDetail.swift; sourceTree = "<group>"; };
		830B64D62936D9D900CB9B1E /* HeaderViewModel.swift */ = {isa = PBXFileReference; lastKnownFileType = sourcecode.swift; path = HeaderViewModel.swift; sourceTree = "<group>"; };
		832057842930BBC3007192B0 /* Overseerr.app */ = {isa = PBXFileReference; explicitFileType = wrapper.application; includeInIndex = 0; path = Overseerr.app; sourceTree = BUILT_PRODUCTS_DIR; };
		832057872930BBC3007192B0 /* OverseerrApp.swift */ = {isa = PBXFileReference; lastKnownFileType = sourcecode.swift; path = OverseerrApp.swift; sourceTree = "<group>"; };
		832057892930BBC3007192B0 /* ContentView.swift */ = {isa = PBXFileReference; lastKnownFileType = sourcecode.swift; path = ContentView.swift; sourceTree = "<group>"; };
		8320578B2930BBC4007192B0 /* Assets.xcassets */ = {isa = PBXFileReference; lastKnownFileType = folder.assetcatalog; path = Assets.xcassets; sourceTree = "<group>"; };
		8320578E2930BBC4007192B0 /* Preview Assets.xcassets */ = {isa = PBXFileReference; lastKnownFileType = folder.assetcatalog; path = "Preview Assets.xcassets"; sourceTree = "<group>"; };
		832057942930BBC5007192B0 /* OverseerrTests.xctest */ = {isa = PBXFileReference; explicitFileType = wrapper.cfbundle; includeInIndex = 0; path = OverseerrTests.xctest; sourceTree = BUILT_PRODUCTS_DIR; };
		8320579E2930BBC5007192B0 /* OverseerrUITests.xctest */ = {isa = PBXFileReference; explicitFileType = wrapper.cfbundle; includeInIndex = 0; path = OverseerrUITests.xctest; sourceTree = BUILT_PRODUCTS_DIR; };
		832057A22930BBC5007192B0 /* OverseerrUITests.swift */ = {isa = PBXFileReference; lastKnownFileType = sourcecode.swift; path = OverseerrUITests.swift; sourceTree = "<group>"; };
		832057A42930BBC5007192B0 /* OverseerrUITestsLaunchTests.swift */ = {isa = PBXFileReference; lastKnownFileType = sourcecode.swift; path = OverseerrUITestsLaunchTests.swift; sourceTree = "<group>"; };
		832057B12930C3D2007192B0 /* MediaCard.swift */ = {isa = PBXFileReference; lastKnownFileType = sourcecode.swift; path = MediaCard.swift; sourceTree = "<group>"; };
		832057B32930CC46007192B0 /* TMDBImage.swift */ = {isa = PBXFileReference; lastKnownFileType = sourcecode.swift; path = TMDBImage.swift; sourceTree = "<group>"; };
		832057B52930CE72007192B0 /* TMDBImageTest.swift */ = {isa = PBXFileReference; lastKnownFileType = sourcecode.swift; path = TMDBImageTest.swift; sourceTree = "<group>"; };
		832057B72930D982007192B0 /* HomeView.swift */ = {isa = PBXFileReference; lastKnownFileType = sourcecode.swift; path = HomeView.swift; sourceTree = "<group>"; };
		832057BB2930DB11007192B0 /* CategoryRow.swift */ = {isa = PBXFileReference; lastKnownFileType = sourcecode.swift; path = CategoryRow.swift; sourceTree = "<group>"; };
		832057BD2930DB98007192B0 /* Media.swift */ = {isa = PBXFileReference; lastKnownFileType = sourcecode.swift; path = Media.swift; sourceTree = "<group>"; };
		832057BF2930E4F6007192B0 /* UpcomingMoviesViewModel.swift */ = {isa = PBXFileReference; lastKnownFileType = sourcecode.swift; path = UpcomingMoviesViewModel.swift; sourceTree = "<group>"; };
		832057C52930E718007192B0 /* APIService.swift */ = {isa = PBXFileReference; lastKnownFileType = sourcecode.swift; path = APIService.swift; sourceTree = "<group>"; };
		832057C92930E815007192B0 /* APIError.swift */ = {isa = PBXFileReference; lastKnownFileType = sourcecode.swift; path = APIError.swift; sourceTree = "<group>"; };
		832057CB2930E8E2007192B0 /* FetchState.swift */ = {isa = PBXFileReference; lastKnownFileType = sourcecode.swift; path = FetchState.swift; sourceTree = "<group>"; };
		832057CD2930EBD3007192B0 /* UpcomingMoviesRoute.swift */ = {isa = PBXFileReference; lastKnownFileType = sourcecode.swift; path = UpcomingMoviesRoute.swift; sourceTree = "<group>"; };
		832057D229311F0F007192B0 /* MediaViewModel.swift */ = {isa = PBXFileReference; lastKnownFileType = sourcecode.swift; path = MediaViewModel.swift; sourceTree = "<group>"; };
		832057D429311F6B007192B0 /* DiscoverMoviesRoute.swift */ = {isa = PBXFileReference; lastKnownFileType = sourcecode.swift; path = DiscoverMoviesRoute.swift; sourceTree = "<group>"; };
		832057D629311F9A007192B0 /* DiscoverSeriesRoute.swift */ = {isa = PBXFileReference; lastKnownFileType = sourcecode.swift; path = DiscoverSeriesRoute.swift; sourceTree = "<group>"; };
		832057D829311FBF007192B0 /* UpcomingSeriesRoute.swift */ = {isa = PBXFileReference; lastKnownFileType = sourcecode.swift; path = UpcomingSeriesRoute.swift; sourceTree = "<group>"; };
		832057DA2931209A007192B0 /* DiscoverMoviesViewModel.swift */ = {isa = PBXFileReference; lastKnownFileType = sourcecode.swift; path = DiscoverMoviesViewModel.swift; sourceTree = "<group>"; };
		832057DC293120F8007192B0 /* UpcomingSeriesViewModel.swift */ = {isa = PBXFileReference; lastKnownFileType = sourcecode.swift; path = UpcomingSeriesViewModel.swift; sourceTree = "<group>"; };
		832057DE29312101007192B0 /* DiscoverSeriesViewModel.swift */ = {isa = PBXFileReference; lastKnownFileType = sourcecode.swift; path = DiscoverSeriesViewModel.swift; sourceTree = "<group>"; };
		832057E62934C223007192B0 /* MediaCapsule.swift */ = {isa = PBXFileReference; lastKnownFileType = sourcecode.swift; path = MediaCapsule.swift; sourceTree = "<group>"; };
		832057E82934CD10007192B0 /* Badge.swift */ = {isa = PBXFileReference; lastKnownFileType = sourcecode.swift; path = Badge.swift; sourceTree = "<group>"; };
		832057EB2934D096007192B0 /* Colors+Extension.swift */ = {isa = PBXFileReference; lastKnownFileType = sourcecode.swift; path = "Colors+Extension.swift"; sourceTree = "<group>"; };
		832057ED2934E9AA007192B0 /* Theme.swift */ = {isa = PBXFileReference; lastKnownFileType = sourcecode.swift; path = Theme.swift; sourceTree = "<group>"; };
		832057EF2934EBDA007192B0 /* MediaDetailView.swift */ = {isa = PBXFileReference; lastKnownFileType = sourcecode.swift; path = MediaDetailView.swift; sourceTree = "<group>"; };
		837087E9293A261D003AFA01 /* OverseerrSettings.plist */ = {isa = PBXFileReference; lastKnownFileType = text.plist.xml; path = OverseerrSettings.plist; sourceTree = "<group>"; };
		837087EB293A26CD003AFA01 /* OverseerrSettings.swift */ = {isa = PBXFileReference; lastKnownFileType = sourcecode.swift; path = OverseerrSettings.swift; sourceTree = "<group>"; };
		837BFFF2293A4C680047D36B /* PaginatedResponse.swift */ = {isa = PBXFileReference; lastKnownFileType = sourcecode.swift; path = PaginatedResponse.swift; sourceTree = "<group>"; };
		837BFFF4293A51740047D36B /* TVResult.swift */ = {isa = PBXFileReference; lastKnownFileType = sourcecode.swift; path = TVResult.swift; sourceTree = "<group>"; };
		837BFFF6293A579A0047D36B /* MediaType.swift */ = {isa = PBXFileReference; lastKnownFileType = sourcecode.swift; path = MediaType.swift; sourceTree = "<group>"; };
		837BFFF8293A57DF0047D36B /* MediaStatus.swift */ = {isa = PBXFileReference; lastKnownFileType = sourcecode.swift; path = MediaStatus.swift; sourceTree = "<group>"; };
		837BFFFA293A57E70047D36B /* MediaInfo.swift */ = {isa = PBXFileReference; lastKnownFileType = sourcecode.swift; path = MediaInfo.swift; sourceTree = "<group>"; };
		83B74FE12938DD4300BBD57E /* SearchView.swift */ = {isa = PBXFileReference; lastKnownFileType = sourcecode.swift; path = SearchView.swift; sourceTree = "<group>"; };
		83B74FE32938DEE700BBD57E /* SearchViewModel.swift */ = {isa = PBXFileReference; lastKnownFileType = sourcecode.swift; path = SearchViewModel.swift; sourceTree = "<group>"; };
		83B74FE52938E06F00BBD57E /* SearchBar.swift */ = {isa = PBXFileReference; lastKnownFileType = sourcecode.swift; path = SearchBar.swift; sourceTree = "<group>"; };
		83B74FE72938E1C600BBD57E /* SearchListView.swift */ = {isa = PBXFileReference; lastKnownFileType = sourcecode.swift; path = SearchListView.swift; sourceTree = "<group>"; };
		83B74FE92938E89E00BBD57E /* SearchRoute.swift */ = {isa = PBXFileReference; lastKnownFileType = sourcecode.swift; path = SearchRoute.swift; sourceTree = "<group>"; };
		83B74FEB2938EA8E00BBD57E /* SearchMedia.swift */ = {isa = PBXFileReference; lastKnownFileType = sourcecode.swift; path = SearchMedia.swift; sourceTree = "<group>"; };
		83B74FED2938EBA700BBD57E /* PersonResult.swift */ = {isa = PBXFileReference; lastKnownFileType = sourcecode.swift; path = PersonResult.swift; sourceTree = "<group>"; };
		83B74FEF2938ED6E00BBD57E /* MovieResult.swift */ = {isa = PBXFileReference; lastKnownFileType = sourcecode.swift; path = MovieResult.swift; sourceTree = "<group>"; };
/* End PBXFileReference section */

/* Begin PBXFrameworksBuildPhase section */
		832057812930BBC3007192B0 /* Frameworks */ = {
			isa = PBXFrameworksBuildPhase;
			buildActionMask = 2147483647;
			files = (
				832057E32934BA4E007192B0 /* SDWebImageSwiftUI in Frameworks */,
			);
			runOnlyForDeploymentPostprocessing = 0;
		};
		832057912930BBC5007192B0 /* Frameworks */ = {
			isa = PBXFrameworksBuildPhase;
			buildActionMask = 2147483647;
			files = (
				830B64C729365F3D00CB9B1E /* SDWebImageSwiftUI in Frameworks */,
			);
			runOnlyForDeploymentPostprocessing = 0;
		};
		8320579B2930BBC5007192B0 /* Frameworks */ = {
			isa = PBXFrameworksBuildPhase;
			buildActionMask = 2147483647;
			files = (
			);
			runOnlyForDeploymentPostprocessing = 0;
		};
/* End PBXFrameworksBuildPhase section */

/* Begin PBXGroup section */
		830B64A02936004900CB9B1E /* Routes */ = {
			isa = PBXGroup;
			children = (
				832057CD2930EBD3007192B0 /* UpcomingMoviesRoute.swift */,
				832057D429311F6B007192B0 /* DiscoverMoviesRoute.swift */,
				832057D629311F9A007192B0 /* DiscoverSeriesRoute.swift */,
				832057D829311FBF007192B0 /* UpcomingSeriesRoute.swift */,
				830B64A9293604CA00CB9B1E /* SimilarSeriesRoute.swift */,
				830B64AB293604D700CB9B1E /* RecommendedSeriesRoute.swift */,
				830B64AD293604DF00CB9B1E /* SimilarMoviesRoute.swift */,
				830B64AF293604E800CB9B1E /* RecommendedMoviesRoute.swift */,
				830B64B929360D9200CB9B1E /* MovieDetailsRoute.swift */,
				83B74FE92938E89E00BBD57E /* SearchRoute.swift */,
			);
			path = Routes;
			sourceTree = "<group>";
		};
		830B64C529365F3D00CB9B1E /* Frameworks */ = {
			isa = PBXGroup;
			children = (
			);
			name = Frameworks;
			sourceTree = "<group>";
		};
		8320577B2930BBC3007192B0 = {
			isa = PBXGroup;
			children = (
				832057862930BBC3007192B0 /* Overseerr */,
				832057972930BBC5007192B0 /* OverseerrTests */,
				832057A12930BBC5007192B0 /* OverseerrUITests */,
				832057852930BBC3007192B0 /* Products */,
				830B64C529365F3D00CB9B1E /* Frameworks */,
			);
			sourceTree = "<group>";
		};
		832057852930BBC3007192B0 /* Products */ = {
			isa = PBXGroup;
			children = (
				832057842930BBC3007192B0 /* Overseerr.app */,
				832057942930BBC5007192B0 /* OverseerrTests.xctest */,
				8320579E2930BBC5007192B0 /* OverseerrUITests.xctest */,
			);
			name = Products;
			sourceTree = "<group>";
		};
		832057862930BBC3007192B0 /* Overseerr */ = {
			isa = PBXGroup;
			children = (
				837087E8293A2609003AFA01 /* OverseerrSettings */,
				832057872930BBC3007192B0 /* OverseerrApp.swift */,
				832057C82930E729007192B0 /* Views */,
				832057C72930E71C007192B0 /* Models */,
				832057D1293108FD007192B0 /* Service */,
				832057EA2934D08C007192B0 /* Utils */,
				8320578B2930BBC4007192B0 /* Assets.xcassets */,
				8320578D2930BBC4007192B0 /* Preview Content */,
			);
			path = Overseerr;
			sourceTree = "<group>";
		};
		8320578D2930BBC4007192B0 /* Preview Content */ = {
			isa = PBXGroup;
			children = (
				8320578E2930BBC4007192B0 /* Preview Assets.xcassets */,
			);
			path = "Preview Content";
			sourceTree = "<group>";
		};
		832057972930BBC5007192B0 /* OverseerrTests */ = {
			isa = PBXGroup;
			children = (
				832057B52930CE72007192B0 /* TMDBImageTest.swift */,
				830B64C329365CAD00CB9B1E /* CreditHelpersTests.swift */,
			);
			path = OverseerrTests;
			sourceTree = "<group>";
		};
		832057A12930BBC5007192B0 /* OverseerrUITests */ = {
			isa = PBXGroup;
			children = (
				832057A22930BBC5007192B0 /* OverseerrUITests.swift */,
				832057A42930BBC5007192B0 /* OverseerrUITestsLaunchTests.swift */,
			);
			path = OverseerrUITests;
			sourceTree = "<group>";
		};
		832057C72930E71C007192B0 /* Models */ = {
			isa = PBXGroup;
			children = (
				832057E029312108007192B0 /* ViewModels */,
				837BFFF6293A579A0047D36B /* MediaType.swift */,
				837BFFF8293A57DF0047D36B /* MediaStatus.swift */,
				837BFFFA293A57E70047D36B /* MediaInfo.swift */,
				832057BD2930DB98007192B0 /* Media.swift */,
				83B74FEF2938ED6E00BBD57E /* MovieResult.swift */,
				837BFFF4293A51740047D36B /* TVResult.swift */,
				83B74FED2938EBA700BBD57E /* PersonResult.swift */,
				830B64B129360BC700CB9B1E /* Cast.swift */,
				830B64B329360C1200CB9B1E /* Crew.swift */,
				830B64B529360C8100CB9B1E /* Credits.swift */,
				830B64D42936D64000CB9B1E /* MovieDetail.swift */,
				83B74FEB2938EA8E00BBD57E /* SearchMedia.swift */,
				837BFFF2293A4C680047D36B /* PaginatedResponse.swift */,
			);
			path = Models;
			sourceTree = "<group>";
		};
		832057C82930E729007192B0 /* Views */ = {
			isa = PBXGroup;
			children = (
				832057892930BBC3007192B0 /* ContentView.swift */,
				832057B72930D982007192B0 /* HomeView.swift */,
				83B74FDB2938C4A500BBD57E /* MediaDetail */,
				83B74FE02938DD3800BBD57E /* Search */,
				832057BB2930DB11007192B0 /* CategoryRow.swift */,
				832057B12930C3D2007192B0 /* MediaCard.swift */,
				832057E62934C223007192B0 /* MediaCapsule.swift */,
				832057E82934CD10007192B0 /* Badge.swift */,
				830B64BD293650AB00CB9B1E /* CrewView.swift */,
				830B64BF293651F400CB9B1E /* CrewOverView.swift */,
				830B64C82936C25000CB9B1E /* BackdropView.swift */,
				830B64CC2936C80E00CB9B1E /* TrailingButton.swift */,
				830B64CE2936C92200CB9B1E /* Tagline.swift */,
				830B64D02936CA3E00CB9B1E /* CastRow.swift */,
				830B64D22936CF7E00CB9B1E /* PersonCard.swift */,
			);
			path = Views;
			sourceTree = "<group>";
		};
		832057D1293108FD007192B0 /* Service */ = {
			isa = PBXGroup;
			children = (
				832057CB2930E8E2007192B0 /* FetchState.swift */,
				832057C92930E815007192B0 /* APIError.swift */,
				832057C52930E718007192B0 /* APIService.swift */,
				830B64A02936004900CB9B1E /* Routes */,
			);
			path = Service;
			sourceTree = "<group>";
		};
		832057E029312108007192B0 /* ViewModels */ = {
			isa = PBXGroup;
			children = (
				832057D229311F0F007192B0 /* MediaViewModel.swift */,
				832057BF2930E4F6007192B0 /* UpcomingMoviesViewModel.swift */,
				832057DA2931209A007192B0 /* DiscoverMoviesViewModel.swift */,
				832057DC293120F8007192B0 /* UpcomingSeriesViewModel.swift */,
				832057DE29312101007192B0 /* DiscoverSeriesViewModel.swift */,
				830B64A12936027100CB9B1E /* RecommendationSeriesViewModel.swift */,
				830B64A32936027E00CB9B1E /* SimilarSeriesViewModel.swift */,
				830B64A52936028C00CB9B1E /* RecommendationMoviesViewModel.swift */,
				830B64A72936029600CB9B1E /* SimilarMoviesViewModel.swift */,
				830B64B729360CFC00CB9B1E /* MovieDetailViewModel.swift */,
				830B64D62936D9D900CB9B1E /* HeaderViewModel.swift */,
				83B74FE32938DEE700BBD57E /* SearchViewModel.swift */,
			);
			path = ViewModels;
			sourceTree = "<group>";
		};
		832057EA2934D08C007192B0 /* Utils */ = {
			isa = PBXGroup;
			children = (
				832057B32930CC46007192B0 /* TMDBImage.swift */,
				832057EB2934D096007192B0 /* Colors+Extension.swift */,
				832057ED2934E9AA007192B0 /* Theme.swift */,
				830B64C12936599B00CB9B1E /* CreditHelpers.swift */,
			);
			path = Utils;
			sourceTree = "<group>";
		};
		837087E8293A2609003AFA01 /* OverseerrSettings */ = {
			isa = PBXGroup;
			children = (
				837087E9293A261D003AFA01 /* OverseerrSettings.plist */,
				837087EB293A26CD003AFA01 /* OverseerrSettings.swift */,
			);
			path = OverseerrSettings;
			sourceTree = "<group>";
		};
		83B74FDB2938C4A500BBD57E /* MediaDetail */ = {
			isa = PBXGroup;
			children = (
				830B64CA2936C6D600CB9B1E /* MovieDetailHeaderView.swift */,
				832057EF2934EBDA007192B0 /* MediaDetailView.swift */,
			);
			path = MediaDetail;
			sourceTree = "<group>";
		};
		83B74FE02938DD3800BBD57E /* Search */ = {
			isa = PBXGroup;
			children = (
				83B74FE12938DD4300BBD57E /* SearchView.swift */,
				83B74FE52938E06F00BBD57E /* SearchBar.swift */,
				83B74FE72938E1C600BBD57E /* SearchListView.swift */,
			);
			path = Search;
			sourceTree = "<group>";
		};
/* End PBXGroup section */

/* Begin PBXNativeTarget section */
		832057832930BBC3007192B0 /* Overseerr */ = {
			isa = PBXNativeTarget;
			buildConfigurationList = 832057A82930BBC5007192B0 /* Build configuration list for PBXNativeTarget "Overseerr" */;
			buildPhases = (
				832057802930BBC3007192B0 /* Sources */,
				832057812930BBC3007192B0 /* Frameworks */,
				832057822930BBC3007192B0 /* Resources */,
			);
			buildRules = (
			);
			dependencies = (
			);
			name = Overseerr;
			packageProductDependencies = (
				832057E22934BA4E007192B0 /* SDWebImageSwiftUI */,
			);
			productName = Overseerr;
			productReference = 832057842930BBC3007192B0 /* Overseerr.app */;
			productType = "com.apple.product-type.application";
		};
		832057932930BBC5007192B0 /* OverseerrTests */ = {
			isa = PBXNativeTarget;
			buildConfigurationList = 832057AB2930BBC5007192B0 /* Build configuration list for PBXNativeTarget "OverseerrTests" */;
			buildPhases = (
				832057902930BBC5007192B0 /* Sources */,
				832057912930BBC5007192B0 /* Frameworks */,
				832057922930BBC5007192B0 /* Resources */,
			);
			buildRules = (
			);
			dependencies = (
				832057962930BBC5007192B0 /* PBXTargetDependency */,
			);
			name = OverseerrTests;
			packageProductDependencies = (
				830B64C629365F3D00CB9B1E /* SDWebImageSwiftUI */,
			);
			productName = OverseerrTests;
			productReference = 832057942930BBC5007192B0 /* OverseerrTests.xctest */;
			productType = "com.apple.product-type.bundle.unit-test";
		};
		8320579D2930BBC5007192B0 /* OverseerrUITests */ = {
			isa = PBXNativeTarget;
			buildConfigurationList = 832057AE2930BBC5007192B0 /* Build configuration list for PBXNativeTarget "OverseerrUITests" */;
			buildPhases = (
				8320579A2930BBC5007192B0 /* Sources */,
				8320579B2930BBC5007192B0 /* Frameworks */,
				8320579C2930BBC5007192B0 /* Resources */,
			);
			buildRules = (
			);
			dependencies = (
				832057A02930BBC5007192B0 /* PBXTargetDependency */,
			);
			name = OverseerrUITests;
			productName = OverseerrUITests;
			productReference = 8320579E2930BBC5007192B0 /* OverseerrUITests.xctest */;
			productType = "com.apple.product-type.bundle.ui-testing";
		};
/* End PBXNativeTarget section */

/* Begin PBXProject section */
		8320577C2930BBC3007192B0 /* Project object */ = {
			isa = PBXProject;
			attributes = {
				BuildIndependentTargetsInParallel = 1;
				LastSwiftUpdateCheck = 1410;
				LastUpgradeCheck = 1410;
				TargetAttributes = {
					832057832930BBC3007192B0 = {
						CreatedOnToolsVersion = 14.1;
					};
					832057932930BBC5007192B0 = {
						CreatedOnToolsVersion = 14.1;
						TestTargetID = 832057832930BBC3007192B0;
					};
					8320579D2930BBC5007192B0 = {
						CreatedOnToolsVersion = 14.1;
						TestTargetID = 832057832930BBC3007192B0;
					};
				};
			};
			buildConfigurationList = 8320577F2930BBC3007192B0 /* Build configuration list for PBXProject "Overseerr" */;
			compatibilityVersion = "Xcode 14.0";
			developmentRegion = en;
			hasScannedForEncodings = 0;
			knownRegions = (
				en,
				Base,
			);
			mainGroup = 8320577B2930BBC3007192B0;
			packageReferences = (
				832057E12934BA4E007192B0 /* XCRemoteSwiftPackageReference "SDWebImageSwiftUI" */,
			);
			productRefGroup = 832057852930BBC3007192B0 /* Products */;
			projectDirPath = "";
			projectRoot = "";
			targets = (
				832057832930BBC3007192B0 /* Overseerr */,
				832057932930BBC5007192B0 /* OverseerrTests */,
				8320579D2930BBC5007192B0 /* OverseerrUITests */,
			);
		};
/* End PBXProject section */

/* Begin PBXResourcesBuildPhase section */
		832057822930BBC3007192B0 /* Resources */ = {
			isa = PBXResourcesBuildPhase;
			buildActionMask = 2147483647;
			files = (
				8320578F2930BBC4007192B0 /* Preview Assets.xcassets in Resources */,
				8320578C2930BBC4007192B0 /* Assets.xcassets in Resources */,
				837087EA293A261D003AFA01 /* OverseerrSettings.plist in Resources */,
			);
			runOnlyForDeploymentPostprocessing = 0;
		};
		832057922930BBC5007192B0 /* Resources */ = {
			isa = PBXResourcesBuildPhase;
			buildActionMask = 2147483647;
			files = (
			);
			runOnlyForDeploymentPostprocessing = 0;
		};
		8320579C2930BBC5007192B0 /* Resources */ = {
			isa = PBXResourcesBuildPhase;
			buildActionMask = 2147483647;
			files = (
			);
			runOnlyForDeploymentPostprocessing = 0;
		};
/* End PBXResourcesBuildPhase section */

/* Begin PBXSourcesBuildPhase section */
		832057802930BBC3007192B0 /* Sources */ = {
			isa = PBXSourcesBuildPhase;
			buildActionMask = 2147483647;
			files = (
				830B64CF2936C92200CB9B1E /* Tagline.swift in Sources */,
				83B74FF02938ED6E00BBD57E /* MovieResult.swift in Sources */,
				830B64D72936D9D900CB9B1E /* HeaderViewModel.swift in Sources */,
				830B64C0293651F400CB9B1E /* CrewOverView.swift in Sources */,
				832057B42930CC46007192B0 /* TMDBImage.swift in Sources */,
				832057C02930E4F6007192B0 /* UpcomingMoviesViewModel.swift in Sources */,
				830B64B229360BC700CB9B1E /* Cast.swift in Sources */,
				830B64C92936C25000CB9B1E /* BackdropView.swift in Sources */,
				832057EC2934D096007192B0 /* Colors+Extension.swift in Sources */,
				83B74FEA2938E89E00BBD57E /* SearchRoute.swift in Sources */,
				830B64BE293650AB00CB9B1E /* CrewView.swift in Sources */,
				830B64A62936028C00CB9B1E /* RecommendationMoviesViewModel.swift in Sources */,
				830B64CB2936C6D600CB9B1E /* MovieDetailHeaderView.swift in Sources */,
				832057E92934CD10007192B0 /* Badge.swift in Sources */,
				832057D729311F9A007192B0 /* DiscoverSeriesRoute.swift in Sources */,
				837BFFF7293A579A0047D36B /* MediaType.swift in Sources */,
				837BFFF9293A57DF0047D36B /* MediaStatus.swift in Sources */,
				832057E72934C223007192B0 /* MediaCapsule.swift in Sources */,
				830B64CD2936C80E00CB9B1E /* TrailingButton.swift in Sources */,
				837BFFF3293A4C680047D36B /* PaginatedResponse.swift in Sources */,
				830B64A42936027E00CB9B1E /* SimilarSeriesViewModel.swift in Sources */,
				837BFFFB293A57E70047D36B /* MediaInfo.swift in Sources */,
				830B64C22936599B00CB9B1E /* CreditHelpers.swift in Sources */,
				83B74FE42938DEE700BBD57E /* SearchViewModel.swift in Sources */,
				837087EC293A26CD003AFA01 /* OverseerrSettings.swift in Sources */,
				832057B22930C3D2007192B0 /* MediaCard.swift in Sources */,
				832057DF29312101007192B0 /* DiscoverSeriesViewModel.swift in Sources */,
				832057CE2930EBD3007192B0 /* UpcomingMoviesRoute.swift in Sources */,
				832057DB2931209A007192B0 /* DiscoverMoviesViewModel.swift in Sources */,
				830B64AA293604CA00CB9B1E /* SimilarSeriesRoute.swift in Sources */,
				830B64D52936D64000CB9B1E /* MovieDetail.swift in Sources */,
				830B64AE293604DF00CB9B1E /* SimilarMoviesRoute.swift in Sources */,
				832057D929311FBF007192B0 /* UpcomingSeriesRoute.swift in Sources */,
				830B64B0293604E800CB9B1E /* RecommendedMoviesRoute.swift in Sources */,
				832057EE2934E9AA007192B0 /* Theme.swift in Sources */,
				832057D529311F6B007192B0 /* DiscoverMoviesRoute.swift in Sources */,
				830B64B829360CFC00CB9B1E /* MovieDetailViewModel.swift in Sources */,
				830B64D32936CF7E00CB9B1E /* PersonCard.swift in Sources */,
				83B74FEE2938EBA700BBD57E /* PersonResult.swift in Sources */,
				832057DD293120F8007192B0 /* UpcomingSeriesViewModel.swift in Sources */,
				832057C62930E718007192B0 /* APIService.swift in Sources */,
				832057CA2930E815007192B0 /* APIError.swift in Sources */,
				837BFFF5293A51740047D36B /* TVResult.swift in Sources */,
				830B64AC293604D700CB9B1E /* RecommendedSeriesRoute.swift in Sources */,
				832057BE2930DB98007192B0 /* Media.swift in Sources */,
				830B64B429360C1200CB9B1E /* Crew.swift in Sources */,
				830B64A82936029600CB9B1E /* SimilarMoviesViewModel.swift in Sources */,
				83B74FE62938E06F00BBD57E /* SearchBar.swift in Sources */,
				830B64A22936027100CB9B1E /* RecommendationSeriesViewModel.swift in Sources */,
				83B74FE82938E1C600BBD57E /* SearchListView.swift in Sources */,
				83B74FE22938DD4300BBD57E /* SearchView.swift in Sources */,
				830B64BA29360D9200CB9B1E /* MovieDetailsRoute.swift in Sources */,
				8320578A2930BBC3007192B0 /* ContentView.swift in Sources */,
				832057F02934EBDA007192B0 /* MediaDetailView.swift in Sources */,
				830B64D12936CA3E00CB9B1E /* CastRow.swift in Sources */,
				832057D329311F0F007192B0 /* MediaViewModel.swift in Sources */,
				83B74FEC2938EA8E00BBD57E /* SearchMedia.swift in Sources */,
				832057CC2930E8E2007192B0 /* FetchState.swift in Sources */,
				832057B82930D982007192B0 /* HomeView.swift in Sources */,
				830B64B629360C8100CB9B1E /* Credits.swift in Sources */,
				832057BC2930DB11007192B0 /* CategoryRow.swift in Sources */,
				832057882930BBC3007192B0 /* OverseerrApp.swift in Sources */,
			);
			runOnlyForDeploymentPostprocessing = 0;
		};
		832057902930BBC5007192B0 /* Sources */ = {
			isa = PBXSourcesBuildPhase;
			buildActionMask = 2147483647;
			files = (
				832057B62930CE72007192B0 /* TMDBImageTest.swift in Sources */,
				830B64C429365CAD00CB9B1E /* CreditHelpersTests.swift in Sources */,
			);
			runOnlyForDeploymentPostprocessing = 0;
		};
		8320579A2930BBC5007192B0 /* Sources */ = {
			isa = PBXSourcesBuildPhase;
			buildActionMask = 2147483647;
			files = (
				832057A52930BBC5007192B0 /* OverseerrUITestsLaunchTests.swift in Sources */,
				832057A32930BBC5007192B0 /* OverseerrUITests.swift in Sources */,
			);
			runOnlyForDeploymentPostprocessing = 0;
		};
/* End PBXSourcesBuildPhase section */

/* Begin PBXTargetDependency section */
		832057962930BBC5007192B0 /* PBXTargetDependency */ = {
			isa = PBXTargetDependency;
			target = 832057832930BBC3007192B0 /* Overseerr */;
			targetProxy = 832057952930BBC5007192B0 /* PBXContainerItemProxy */;
		};
		832057A02930BBC5007192B0 /* PBXTargetDependency */ = {
			isa = PBXTargetDependency;
			target = 832057832930BBC3007192B0 /* Overseerr */;
			targetProxy = 8320579F2930BBC5007192B0 /* PBXContainerItemProxy */;
		};
/* End PBXTargetDependency section */

/* Begin XCBuildConfiguration section */
		832057A62930BBC5007192B0 /* Debug */ = {
			isa = XCBuildConfiguration;
			buildSettings = {
				ALWAYS_SEARCH_USER_PATHS = NO;
				CLANG_ANALYZER_NONNULL = YES;
				CLANG_ANALYZER_NUMBER_OBJECT_CONVERSION = YES_AGGRESSIVE;
				CLANG_CXX_LANGUAGE_STANDARD = "gnu++20";
				CLANG_ENABLE_MODULES = YES;
				CLANG_ENABLE_OBJC_ARC = YES;
				CLANG_ENABLE_OBJC_WEAK = YES;
				CLANG_WARN_BLOCK_CAPTURE_AUTORELEASING = YES;
				CLANG_WARN_BOOL_CONVERSION = YES;
				CLANG_WARN_COMMA = YES;
				CLANG_WARN_CONSTANT_CONVERSION = YES;
				CLANG_WARN_DEPRECATED_OBJC_IMPLEMENTATIONS = YES;
				CLANG_WARN_DIRECT_OBJC_ISA_USAGE = YES_ERROR;
				CLANG_WARN_DOCUMENTATION_COMMENTS = YES;
				CLANG_WARN_EMPTY_BODY = YES;
				CLANG_WARN_ENUM_CONVERSION = YES;
				CLANG_WARN_INFINITE_RECURSION = YES;
				CLANG_WARN_INT_CONVERSION = YES;
				CLANG_WARN_NON_LITERAL_NULL_CONVERSION = YES;
				CLANG_WARN_OBJC_IMPLICIT_RETAIN_SELF = YES;
				CLANG_WARN_OBJC_LITERAL_CONVERSION = YES;
				CLANG_WARN_OBJC_ROOT_CLASS = YES_ERROR;
				CLANG_WARN_QUOTED_INCLUDE_IN_FRAMEWORK_HEADER = YES;
				CLANG_WARN_RANGE_LOOP_ANALYSIS = YES;
				CLANG_WARN_STRICT_PROTOTYPES = YES;
				CLANG_WARN_SUSPICIOUS_MOVE = YES;
				CLANG_WARN_UNGUARDED_AVAILABILITY = YES_AGGRESSIVE;
				CLANG_WARN_UNREACHABLE_CODE = YES;
				CLANG_WARN__DUPLICATE_METHOD_MATCH = YES;
				COPY_PHASE_STRIP = NO;
				DEBUG_INFORMATION_FORMAT = dwarf;
				ENABLE_STRICT_OBJC_MSGSEND = YES;
				ENABLE_TESTABILITY = YES;
				GCC_C_LANGUAGE_STANDARD = gnu11;
				GCC_DYNAMIC_NO_PIC = NO;
				GCC_NO_COMMON_BLOCKS = YES;
				GCC_OPTIMIZATION_LEVEL = 0;
				GCC_PREPROCESSOR_DEFINITIONS = (
					"DEBUG=1",
					"$(inherited)",
				);
				GCC_WARN_64_TO_32_BIT_CONVERSION = YES;
				GCC_WARN_ABOUT_RETURN_TYPE = YES_ERROR;
				GCC_WARN_UNDECLARED_SELECTOR = YES;
				GCC_WARN_UNINITIALIZED_AUTOS = YES_AGGRESSIVE;
				GCC_WARN_UNUSED_FUNCTION = YES;
				GCC_WARN_UNUSED_VARIABLE = YES;
				IPHONEOS_DEPLOYMENT_TARGET = 15.3;
				MTL_ENABLE_DEBUG_INFO = INCLUDE_SOURCE;
				MTL_FAST_MATH = YES;
				ONLY_ACTIVE_ARCH = YES;
				SDKROOT = iphoneos;
				SWIFT_ACTIVE_COMPILATION_CONDITIONS = DEBUG;
				SWIFT_OPTIMIZATION_LEVEL = "-Onone";
			};
			name = Debug;
		};
		832057A72930BBC5007192B0 /* Release */ = {
			isa = XCBuildConfiguration;
			buildSettings = {
				ALWAYS_SEARCH_USER_PATHS = NO;
				CLANG_ANALYZER_NONNULL = YES;
				CLANG_ANALYZER_NUMBER_OBJECT_CONVERSION = YES_AGGRESSIVE;
				CLANG_CXX_LANGUAGE_STANDARD = "gnu++20";
				CLANG_ENABLE_MODULES = YES;
				CLANG_ENABLE_OBJC_ARC = YES;
				CLANG_ENABLE_OBJC_WEAK = YES;
				CLANG_WARN_BLOCK_CAPTURE_AUTORELEASING = YES;
				CLANG_WARN_BOOL_CONVERSION = YES;
				CLANG_WARN_COMMA = YES;
				CLANG_WARN_CONSTANT_CONVERSION = YES;
				CLANG_WARN_DEPRECATED_OBJC_IMPLEMENTATIONS = YES;
				CLANG_WARN_DIRECT_OBJC_ISA_USAGE = YES_ERROR;
				CLANG_WARN_DOCUMENTATION_COMMENTS = YES;
				CLANG_WARN_EMPTY_BODY = YES;
				CLANG_WARN_ENUM_CONVERSION = YES;
				CLANG_WARN_INFINITE_RECURSION = YES;
				CLANG_WARN_INT_CONVERSION = YES;
				CLANG_WARN_NON_LITERAL_NULL_CONVERSION = YES;
				CLANG_WARN_OBJC_IMPLICIT_RETAIN_SELF = YES;
				CLANG_WARN_OBJC_LITERAL_CONVERSION = YES;
				CLANG_WARN_OBJC_ROOT_CLASS = YES_ERROR;
				CLANG_WARN_QUOTED_INCLUDE_IN_FRAMEWORK_HEADER = YES;
				CLANG_WARN_RANGE_LOOP_ANALYSIS = YES;
				CLANG_WARN_STRICT_PROTOTYPES = YES;
				CLANG_WARN_SUSPICIOUS_MOVE = YES;
				CLANG_WARN_UNGUARDED_AVAILABILITY = YES_AGGRESSIVE;
				CLANG_WARN_UNREACHABLE_CODE = YES;
				CLANG_WARN__DUPLICATE_METHOD_MATCH = YES;
				COPY_PHASE_STRIP = NO;
				DEBUG_INFORMATION_FORMAT = "dwarf-with-dsym";
				ENABLE_NS_ASSERTIONS = NO;
				ENABLE_STRICT_OBJC_MSGSEND = YES;
				GCC_C_LANGUAGE_STANDARD = gnu11;
				GCC_NO_COMMON_BLOCKS = YES;
				GCC_WARN_64_TO_32_BIT_CONVERSION = YES;
				GCC_WARN_ABOUT_RETURN_TYPE = YES_ERROR;
				GCC_WARN_UNDECLARED_SELECTOR = YES;
				GCC_WARN_UNINITIALIZED_AUTOS = YES_AGGRESSIVE;
				GCC_WARN_UNUSED_FUNCTION = YES;
				GCC_WARN_UNUSED_VARIABLE = YES;
				IPHONEOS_DEPLOYMENT_TARGET = 15.3;
				MTL_ENABLE_DEBUG_INFO = NO;
				MTL_FAST_MATH = YES;
				SDKROOT = iphoneos;
				SWIFT_COMPILATION_MODE = wholemodule;
				SWIFT_OPTIMIZATION_LEVEL = "-O";
				VALIDATE_PRODUCT = YES;
			};
			name = Release;
		};
		832057A92930BBC5007192B0 /* Debug */ = {
			isa = XCBuildConfiguration;
			buildSettings = {
				ASSETCATALOG_COMPILER_APPICON_NAME = AppIcon;
				ASSETCATALOG_COMPILER_GLOBAL_ACCENT_COLOR_NAME = AccentColor;
				CODE_SIGN_STYLE = Automatic;
				CURRENT_PROJECT_VERSION = 1;
				DEVELOPMENT_ASSET_PATHS = "\"Overseerr/Preview Content\"";
				DEVELOPMENT_TEAM = K7WV5867K9;
				ENABLE_PREVIEWS = YES;
				GENERATE_INFOPLIST_FILE = YES;
				INFOPLIST_KEY_UIApplicationSceneManifest_Generation = YES;
				INFOPLIST_KEY_UIApplicationSupportsIndirectInputEvents = YES;
				INFOPLIST_KEY_UILaunchScreen_Generation = YES;
				INFOPLIST_KEY_UISupportedInterfaceOrientations_iPad = "UIInterfaceOrientationPortrait UIInterfaceOrientationPortraitUpsideDown UIInterfaceOrientationLandscapeLeft UIInterfaceOrientationLandscapeRight";
				INFOPLIST_KEY_UISupportedInterfaceOrientations_iPhone = "UIInterfaceOrientationPortrait UIInterfaceOrientationLandscapeLeft UIInterfaceOrientationLandscapeRight";
				IPHONEOS_DEPLOYMENT_TARGET = 15.3;
				LD_RUNPATH_SEARCH_PATHS = (
					"$(inherited)",
					"@executable_path/Frameworks",
				);
				MARKETING_VERSION = 1.0;
				PRODUCT_BUNDLE_IDENTIFIER = com.media.Overseerr;
				PRODUCT_NAME = "$(TARGET_NAME)";
				SWIFT_EMIT_LOC_STRINGS = YES;
				SWIFT_VERSION = 5.0;
				TARGETED_DEVICE_FAMILY = "1,2";
			};
			name = Debug;
		};
		832057AA2930BBC5007192B0 /* Release */ = {
			isa = XCBuildConfiguration;
			buildSettings = {
				ASSETCATALOG_COMPILER_APPICON_NAME = AppIcon;
				ASSETCATALOG_COMPILER_GLOBAL_ACCENT_COLOR_NAME = AccentColor;
				CODE_SIGN_STYLE = Automatic;
				CURRENT_PROJECT_VERSION = 1;
				DEVELOPMENT_ASSET_PATHS = "\"Overseerr/Preview Content\"";
				DEVELOPMENT_TEAM = K7WV5867K9;
				ENABLE_PREVIEWS = YES;
				GENERATE_INFOPLIST_FILE = YES;
				INFOPLIST_KEY_UIApplicationSceneManifest_Generation = YES;
				INFOPLIST_KEY_UIApplicationSupportsIndirectInputEvents = YES;
				INFOPLIST_KEY_UILaunchScreen_Generation = YES;
				INFOPLIST_KEY_UISupportedInterfaceOrientations_iPad = "UIInterfaceOrientationPortrait UIInterfaceOrientationPortraitUpsideDown UIInterfaceOrientationLandscapeLeft UIInterfaceOrientationLandscapeRight";
				INFOPLIST_KEY_UISupportedInterfaceOrientations_iPhone = "UIInterfaceOrientationPortrait UIInterfaceOrientationLandscapeLeft UIInterfaceOrientationLandscapeRight";
				IPHONEOS_DEPLOYMENT_TARGET = 15.3;
				LD_RUNPATH_SEARCH_PATHS = (
					"$(inherited)",
					"@executable_path/Frameworks",
				);
				MARKETING_VERSION = 1.0;
				PRODUCT_BUNDLE_IDENTIFIER = com.media.Overseerr;
				PRODUCT_NAME = "$(TARGET_NAME)";
				SWIFT_EMIT_LOC_STRINGS = YES;
				SWIFT_VERSION = 5.0;
				TARGETED_DEVICE_FAMILY = "1,2";
			};
			name = Release;
		};
		832057AC2930BBC5007192B0 /* Debug */ = {
			isa = XCBuildConfiguration;
			buildSettings = {
				ALWAYS_EMBED_SWIFT_STANDARD_LIBRARIES = YES;
				BUNDLE_LOADER = "$(TEST_HOST)";
				CODE_SIGN_STYLE = Automatic;
				CURRENT_PROJECT_VERSION = 1;
				DEVELOPMENT_TEAM = K7WV5867K9;
				GENERATE_INFOPLIST_FILE = YES;
				IPHONEOS_DEPLOYMENT_TARGET = 16.1;
				MARKETING_VERSION = 1.0;
				PRODUCT_BUNDLE_IDENTIFIER = com.media.OverseerrTests;
				PRODUCT_NAME = "$(TARGET_NAME)";
				SWIFT_EMIT_LOC_STRINGS = NO;
				SWIFT_VERSION = 5.0;
				TARGETED_DEVICE_FAMILY = "1,2";
				TEST_HOST = "$(BUILT_PRODUCTS_DIR)/Overseerr.app/$(BUNDLE_EXECUTABLE_FOLDER_PATH)/Overseerr";
			};
			name = Debug;
		};
		832057AD2930BBC5007192B0 /* Release */ = {
			isa = XCBuildConfiguration;
			buildSettings = {
				ALWAYS_EMBED_SWIFT_STANDARD_LIBRARIES = YES;
				BUNDLE_LOADER = "$(TEST_HOST)";
				CODE_SIGN_STYLE = Automatic;
				CURRENT_PROJECT_VERSION = 1;
				DEVELOPMENT_TEAM = K7WV5867K9;
				GENERATE_INFOPLIST_FILE = YES;
				IPHONEOS_DEPLOYMENT_TARGET = 16.1;
				MARKETING_VERSION = 1.0;
				PRODUCT_BUNDLE_IDENTIFIER = com.media.OverseerrTests;
				PRODUCT_NAME = "$(TARGET_NAME)";
				SWIFT_EMIT_LOC_STRINGS = NO;
				SWIFT_VERSION = 5.0;
				TARGETED_DEVICE_FAMILY = "1,2";
				TEST_HOST = "$(BUILT_PRODUCTS_DIR)/Overseerr.app/$(BUNDLE_EXECUTABLE_FOLDER_PATH)/Overseerr";
			};
			name = Release;
		};
		832057AF2930BBC5007192B0 /* Debug */ = {
			isa = XCBuildConfiguration;
			buildSettings = {
				ALWAYS_EMBED_SWIFT_STANDARD_LIBRARIES = YES;
				CODE_SIGN_STYLE = Automatic;
				CURRENT_PROJECT_VERSION = 1;
				DEVELOPMENT_TEAM = K7WV5867K9;
				GENERATE_INFOPLIST_FILE = YES;
				MARKETING_VERSION = 1.0;
				PRODUCT_BUNDLE_IDENTIFIER = com.media.OverseerrUITests;
				PRODUCT_NAME = "$(TARGET_NAME)";
				SWIFT_EMIT_LOC_STRINGS = NO;
				SWIFT_VERSION = 5.0;
				TARGETED_DEVICE_FAMILY = "1,2";
				TEST_TARGET_NAME = Overseerr;
			};
			name = Debug;
		};
		832057B02930BBC5007192B0 /* Release */ = {
			isa = XCBuildConfiguration;
			buildSettings = {
				ALWAYS_EMBED_SWIFT_STANDARD_LIBRARIES = YES;
				CODE_SIGN_STYLE = Automatic;
				CURRENT_PROJECT_VERSION = 1;
				DEVELOPMENT_TEAM = K7WV5867K9;
				GENERATE_INFOPLIST_FILE = YES;
				MARKETING_VERSION = 1.0;
				PRODUCT_BUNDLE_IDENTIFIER = com.media.OverseerrUITests;
				PRODUCT_NAME = "$(TARGET_NAME)";
				SWIFT_EMIT_LOC_STRINGS = NO;
				SWIFT_VERSION = 5.0;
				TARGETED_DEVICE_FAMILY = "1,2";
				TEST_TARGET_NAME = Overseerr;
			};
			name = Release;
		};
/* End XCBuildConfiguration section */

/* Begin XCConfigurationList section */
		8320577F2930BBC3007192B0 /* Build configuration list for PBXProject "Overseerr" */ = {
			isa = XCConfigurationList;
			buildConfigurations = (
				832057A62930BBC5007192B0 /* Debug */,
				832057A72930BBC5007192B0 /* Release */,
			);
			defaultConfigurationIsVisible = 0;
			defaultConfigurationName = Release;
		};
		832057A82930BBC5007192B0 /* Build configuration list for PBXNativeTarget "Overseerr" */ = {
			isa = XCConfigurationList;
			buildConfigurations = (
				832057A92930BBC5007192B0 /* Debug */,
				832057AA2930BBC5007192B0 /* Release */,
			);
			defaultConfigurationIsVisible = 0;
			defaultConfigurationName = Release;
		};
		832057AB2930BBC5007192B0 /* Build configuration list for PBXNativeTarget "OverseerrTests" */ = {
			isa = XCConfigurationList;
			buildConfigurations = (
				832057AC2930BBC5007192B0 /* Debug */,
				832057AD2930BBC5007192B0 /* Release */,
			);
			defaultConfigurationIsVisible = 0;
			defaultConfigurationName = Release;
		};
		832057AE2930BBC5007192B0 /* Build configuration list for PBXNativeTarget "OverseerrUITests" */ = {
			isa = XCConfigurationList;
			buildConfigurations = (
				832057AF2930BBC5007192B0 /* Debug */,
				832057B02930BBC5007192B0 /* Release */,
			);
			defaultConfigurationIsVisible = 0;
			defaultConfigurationName = Release;
		};
/* End XCConfigurationList section */

/* Begin XCRemoteSwiftPackageReference section */
		832057E12934BA4E007192B0 /* XCRemoteSwiftPackageReference "SDWebImageSwiftUI" */ = {
			isa = XCRemoteSwiftPackageReference;
			repositoryURL = "https://github.com/SDWebImage/SDWebImageSwiftUI.git";
			requirement = {
				kind = upToNextMajorVersion;
				minimumVersion = 2.0.0;
			};
		};
/* End XCRemoteSwiftPackageReference section */

/* Begin XCSwiftPackageProductDependency section */
		830B64C629365F3D00CB9B1E /* SDWebImageSwiftUI */ = {
			isa = XCSwiftPackageProductDependency;
			package = 832057E12934BA4E007192B0 /* XCRemoteSwiftPackageReference "SDWebImageSwiftUI" */;
			productName = SDWebImageSwiftUI;
		};
		832057E22934BA4E007192B0 /* SDWebImageSwiftUI */ = {
			isa = XCSwiftPackageProductDependency;
			package = 832057E12934BA4E007192B0 /* XCRemoteSwiftPackageReference "SDWebImageSwiftUI" */;
			productName = SDWebImageSwiftUI;
		};
/* End XCSwiftPackageProductDependency section */
	};
	rootObject = 8320577C2930BBC3007192B0 /* Project object */;
}
